// !$*UTF8*$!
{
	archiveVersion = 1;
	classes = {
	};
	objectVersion = 46;
	objects = {

/* Begin PBXBuildFile section */
		A1CD6AEE1ED8F69300FB68D6 /* AppDelegate.swift in Sources */ = {isa = PBXBuildFile; fileRef = A1CD6AED1ED8F69300FB68D6 /* AppDelegate.swift */; };
		A1CD6AF01ED8F69300FB68D6 /* ViewController.swift in Sources */ = {isa = PBXBuildFile; fileRef = A1CD6AEF1ED8F69300FB68D6 /* ViewController.swift */; };
		A1CD6AF31ED8F69300FB68D6 /* Main.storyboard in Resources */ = {isa = PBXBuildFile; fileRef = A1CD6AF11ED8F69300FB68D6 /* Main.storyboard */; };
		A1CD6AF51ED8F69300FB68D6 /* Assets.xcassets in Resources */ = {isa = PBXBuildFile; fileRef = A1CD6AF41ED8F69300FB68D6 /* Assets.xcassets */; };
		A1CD6AF81ED8F69300FB68D6 /* LaunchScreen.storyboard in Resources */ = {isa = PBXBuildFile; fileRef = A1CD6AF61ED8F69300FB68D6 /* LaunchScreen.storyboard */; };
		A1CD6B001ED8F6A500FB68D6 /* AQRecorder.swift in Sources */ = {isa = PBXBuildFile; fileRef = A1CD6AFF1ED8F6A500FB68D6 /* AQRecorder.swift */; };
		A1CD6B031ED8F78900FB68D6 /* AVFoundation.framework in Frameworks */ = {isa = PBXBuildFile; fileRef = A1CD6B021ED8F78900FB68D6 /* AVFoundation.framework */; };
/* End PBXBuildFile section */

/* Begin PBXFileReference section */
		A1CD6AEA1ED8F69300FB68D6 /* AQRecorder.app */ = {isa = PBXFileReference; explicitFileType = wrapper.application; includeInIndex = 0; path = AQRecorder.app; sourceTree = BUILT_PRODUCTS_DIR; };
		A1CD6AED1ED8F69300FB68D6 /* AppDelegate.swift */ = {isa = PBXFileReference; lastKnownFileType = sourcecode.swift; path = AppDelegate.swift; sourceTree = "<group>"; };
		A1CD6AEF1ED8F69300FB68D6 /* ViewController.swift */ = {isa = PBXFileReference; lastKnownFileType = sourcecode.swift; path = ViewController.swift; sourceTree = "<group>"; };
		A1CD6AF21ED8F69300FB68D6 /* Base */ = {isa = PBXFileReference; lastKnownFileType = file.storyboard; name = Base; path = Base.lproj/Main.storyboard; sourceTree = "<group>"; };
		A1CD6AF41ED8F69300FB68D6 /* Assets.xcassets */ = {isa = PBXFileReference; lastKnownFileType = folder.assetcatalog; path = Assets.xcassets; sourceTree = "<group>"; };
		A1CD6AF71ED8F69300FB68D6 /* Base */ = {isa = PBXFileReference; lastKnownFileType = file.storyboard; name = Base; path = Base.lproj/LaunchScreen.storyboard; sourceTree = "<group>"; };
		A1CD6AF91ED8F69300FB68D6 /* Info.plist */ = {isa = PBXFileReference; lastKnownFileType = text.plist.xml; path = Info.plist; sourceTree = "<group>"; };
		A1CD6AFF1ED8F6A500FB68D6 /* AQRecorder.swift */ = {isa = PBXFileReference; fileEncoding = 4; lastKnownFileType = sourcecode.swift; path = AQRecorder.swift; sourceTree = "<group>"; };
		A1CD6B021ED8F78900FB68D6 /* AVFoundation.framework */ = {isa = PBXFileReference; lastKnownFileType = wrapper.framework; name = AVFoundation.framework; path = System/Library/Frameworks/AVFoundation.framework; sourceTree = SDKROOT; };
/* End PBXFileReference section */

/* Begin PBXFrameworksBuildPhase section */
		A1CD6AE71ED8F69300FB68D6 /* Frameworks */ = {
			isa = PBXFrameworksBuildPhase;
			buildActionMask = 2147483647;
			files = (
				A1CD6B031ED8F78900FB68D6 /* AVFoundation.framework in Frameworks */,
			);
			runOnlyForDeploymentPostprocessing = 0;
		};
/* End PBXFrameworksBuildPhase section */

/* Begin PBXGroup section */
		A1CD6AE11ED8F69300FB68D6 = {
			isa = PBXGroup;
			children = (
				A1CD6AEC1ED8F69300FB68D6 /* AQRecorder */,
				A1CD6AEB1ED8F69300FB68D6 /* Products */,
				A1CD6B011ED8F78900FB68D6 /* Frameworks */,
			);
			sourceTree = "<group>";
		};
		A1CD6AEB1ED8F69300FB68D6 /* Products */ = {
			isa = PBXGroup;
			children = (
				A1CD6AEA1ED8F69300FB68D6 /* AQRecorder.app */,
			);
			name = Products;
			sourceTree = "<group>";
		};
		A1CD6AEC1ED8F69300FB68D6 /* AQRecorder */ = {
			isa = PBXGroup;
			children = (
				A1CD6AED1ED8F69300FB68D6 /* AppDelegate.swift */,
				A1CD6AEF1ED8F69300FB68D6 /* ViewController.swift */,
				A1CD6AFF1ED8F6A500FB68D6 /* AQRecorder.swift */,
				A1CD6AF11ED8F69300FB68D6 /* Main.storyboard */,
				A1CD6AF41ED8F69300FB68D6 /* Assets.xcassets */,
				A1CD6AF61ED8F69300FB68D6 /* LaunchScreen.storyboard */,
				A1CD6AF91ED8F69300FB68D6 /* Info.plist */,
			);
			path = AQRecorder;
			sourceTree = "<group>";
		};
		A1CD6B011ED8F78900FB68D6 /* Frameworks */ = {
			isa = PBXGroup;
			children = (
				A1CD6B021ED8F78900FB68D6 /* AVFoundation.framework */,
			);
			name = Frameworks;
			sourceTree = "<group>";
		};
/* End PBXGroup section */

/* Begin PBXNativeTarget section */
		A1CD6AE91ED8F69300FB68D6 /* AQRecorder */ = {
			isa = PBXNativeTarget;
			buildConfigurationList = A1CD6AFC1ED8F69300FB68D6 /* Build configuration list for PBXNativeTarget "AQRecorder" */;
			buildPhases = (
				A1CD6AE61ED8F69300FB68D6 /* Sources */,
				A1CD6AE71ED8F69300FB68D6 /* Frameworks */,
				A1CD6AE81ED8F69300FB68D6 /* Resources */,
			);
			buildRules = (
			);
			dependencies = (
			);
			name = AQRecorder;
			productName = AQRecorder;
			productReference = A1CD6AEA1ED8F69300FB68D6 /* AQRecorder.app */;
			productType = "com.apple.product-type.application";
		};
/* End PBXNativeTarget section */

/* Begin PBXProject section */
		A1CD6AE21ED8F69300FB68D6 /* Project object */ = {
			isa = PBXProject;
			attributes = {
				LastSwiftUpdateCheck = 0830;
				LastUpgradeCheck = 0830;
				ORGANIZATIONNAME = 7apps;
				TargetAttributes = {
					A1CD6AE91ED8F69300FB68D6 = {
						CreatedOnToolsVersion = 8.3.2;
						DevelopmentTeam = C4P8U7398K;
						ProvisioningStyle = Automatic;
					};
				};
			};
			buildConfigurationList = A1CD6AE51ED8F69300FB68D6 /* Build configuration list for PBXProject "AQRecorder" */;
			compatibilityVersion = "Xcode 3.2";
			developmentRegion = English;
			hasScannedForEncodings = 0;
			knownRegions = (
				en,
				Base,
			);
			mainGroup = A1CD6AE11ED8F69300FB68D6;
			productRefGroup = A1CD6AEB1ED8F69300FB68D6 /* Products */;
			projectDirPath = "";
			projectRoot = "";
			targets = (
				A1CD6AE91ED8F69300FB68D6 /* AQRecorder */,
			);
		};
/* End PBXProject section */

/* Begin PBXResourcesBuildPhase section */
		A1CD6AE81ED8F69300FB68D6 /* Resources */ = {
			isa = PBXResourcesBuildPhase;
			buildActionMask = 2147483647;
			files = (
				A1CD6AF81ED8F69300FB68D6 /* LaunchScreen.storyboard in Resources */,
				A1CD6AF51ED8F69300FB68D6 /* Assets.xcassets in Resources */,
				A1CD6AF31ED8F69300FB68D6 /* Main.storyboard in Resources */,
			);
			runOnlyForDeploymentPostprocessing = 0;
		};
/* End PBXResourcesBuildPhase section */

/* Begin PBXSourcesBuildPhase section */
		A1CD6AE61ED8F69300FB68D6 /* Sources */ = {
			isa = PBXSourcesBuildPhase;
			buildActionMask = 2147483647;
			files = (
				A1CD6AF01ED8F69300FB68D6 /* ViewController.swift in Sources */,
				A1CD6AEE1ED8F69300FB68D6 /* AppDelegate.swift in Sources */,
				A1CD6B001ED8F6A500FB68D6 /* AQRecorder.swift in Sources */,
			);
			runOnlyForDeploymentPostprocessing = 0;
		};
/* End PBXSourcesBuildPhase section */

/* Begin PBXVariantGroup section */
		A1CD6AF11ED8F69300FB68D6 /* Main.storyboard */ = {
			isa = PBXVariantGroup;
			children = (
				A1CD6AF21ED8F69300FB68D6 /* Base */,
			);
			name = Main.storyboard;
			sourceTree = "<group>";
		};
		A1CD6AF61ED8F69300FB68D6 /* LaunchScreen.storyboard */ = {
			isa = PBXVariantGroup;
			children = (
				A1CD6AF71ED8F69300FB68D6 /* Base */,
			);
			name = LaunchScreen.storyboard;
			sourceTree = "<group>";
		};
/* End PBXVariantGroup section */

/* Begin XCBuildConfiguration section */
		A1CD6AFA1ED8F69300FB68D6 /* Debug */ = {
			isa = XCBuildConfiguration;
			buildSettings = {
				ALWAYS_SEARCH_USER_PATHS = NO;
				CLANG_ANALYZER_NONNULL = YES;
				CLANG_ANALYZER_NUMBER_OBJECT_CONVERSION = YES_AGGRESSIVE;
				CLANG_CXX_LANGUAGE_STANDARD = "gnu++0x";
				CLANG_CXX_LIBRARY = "libc++";
				CLANG_ENABLE_MODULES = YES;
				CLANG_ENABLE_OBJC_ARC = YES;
				CLANG_WARN_BOOL_CONVERSION = YES;
				CLANG_WARN_CONSTANT_CONVERSION = YES;
				CLANG_WARN_DIRECT_OBJC_ISA_USAGE = YES_ERROR;
				CLANG_WARN_DOCUMENTATION_COMMENTS = YES;
				CLANG_WARN_EMPTY_BODY = YES;
				CLANG_WARN_ENUM_CONVERSION = YES;
				CLANG_WARN_INFINITE_RECURSION = YES;
				CLANG_WARN_INT_CONVERSION = YES;
				CLANG_WARN_OBJC_ROOT_CLASS = YES_ERROR;
				CLANG_WARN_SUSPICIOUS_MOVE = YES;
				CLANG_WARN_UNREACHABLE_CODE = YES;
				CLANG_WARN__DUPLICATE_METHOD_MATCH = YES;
				"CODE_SIGN_IDENTITY[sdk=iphoneos*]" = "iPhone Developer";
				COPY_PHASE_STRIP = NO;
				DEBUG_INFORMATION_FORMAT = dwarf;
				ENABLE_STRICT_OBJC_MSGSEND = YES;
				ENABLE_TESTABILITY = YES;
				GCC_C_LANGUAGE_STANDARD = gnu99;
				GCC_DYNAMIC_NO_PIC = NO;
				GCC_NO_COMMON_BLOCKS = YES;
				GCC_OPTIMIZATION_LEVEL = 0;
				GCC_PREPROCESSOR_DEFINITIONS = (
					"DEBUG=1",
					"$(inherited)",
				);
				GCC_WARN_64_TO_32_BIT_CONVERSION = YES;
				GCC_WARN_ABOUT_RETURN_TYPE = YES_ERROR;
				GCC_WARN_UNDECLARED_SELECTOR = YES;
				GCC_WARN_UNINITIALIZED_AUTOS = YES_AGGRESSIVE;
				GCC_WARN_UNUSED_FUNCTION = YES;
				GCC_WARN_UNUSED_VARIABLE = YES;
				IPHONEOS_DEPLOYMENT_TARGET = 10.3;
				MTL_ENABLE_DEBUG_INFO = YES;
				ONLY_ACTIVE_ARCH = YES;
				SDKROOT = iphoneos;
				SWIFT_ACTIVE_COMPILATION_CONDITIONS = DEBUG;
				SWIFT_OPTIMIZATION_LEVEL = "-Onone";
			};
			name = Debug;
		};
		A1CD6AFB1ED8F69300FB68D6 /* Release */ = {
			isa = XCBuildConfiguration;
			buildSettings = {
				ALWAYS_SEARCH_USER_PATHS = NO;
				CLANG_ANALYZER_NONNULL = YES;
				CLANG_ANALYZER_NUMBER_OBJECT_CONVERSION = YES_AGGRESSIVE;
				CLANG_CXX_LANGUAGE_STANDARD = "gnu++0x";
				CLANG_CXX_LIBRARY = "libc++";
				CLANG_ENABLE_MODULES = YES;
				CLANG_ENABLE_OBJC_ARC = YES;
				CLANG_WARN_BOOL_CONVERSION = YES;
				CLANG_WARN_CONSTANT_CONVERSION = YES;
				CLANG_WARN_DIRECT_OBJC_ISA_USAGE = YES_ERROR;
				CLANG_WARN_DOCUMENTATION_COMMENTS = YES;
				CLANG_WARN_EMPTY_BODY = YES;
				CLANG_WARN_ENUM_CONVERSION = YES;
				CLANG_WARN_INFINITE_RECURSION = YES;
				CLANG_WARN_INT_CONVERSION = YES;
				CLANG_WARN_OBJC_ROOT_CLASS = YES_ERROR;
				CLANG_WARN_SUSPICIOUS_MOVE = YES;
				CLANG_WARN_UNREACHABLE_CODE = YES;
				CLANG_WARN__DUPLICATE_METHOD_MATCH = YES;
				"CODE_SIGN_IDENTITY[sdk=iphoneos*]" = "iPhone Developer";
				COPY_PHASE_STRIP = NO;
				DEBUG_INFORMATION_FORMAT = "dwarf-with-dsym";
				ENABLE_NS_ASSERTIONS = NO;
				ENABLE_STRICT_OBJC_MSGSEND = YES;
				GCC_C_LANGUAGE_STANDARD = gnu99;
				GCC_NO_COMMON_BLOCKS = YES;
				GCC_WARN_64_TO_32_BIT_CONVERSION = YES;
				GCC_WARN_ABOUT_RETURN_TYPE = YES_ERROR;
				GCC_WARN_UNDECLARED_SELECTOR = YES;
				GCC_WARN_UNINITIALIZED_AUTOS = YES_AGGRESSIVE;
				GCC_WARN_UNUSED_FUNCTION = YES;
				GCC_WARN_UNUSED_VARIABLE = YES;
				IPHONEOS_DEPLOYMENT_TARGET = 10.3;
				MTL_ENABLE_DEBUG_INFO = NO;
				SDKROOT = iphoneos;
				SWIFT_OPTIMIZATION_LEVEL = "-Owholemodule";
				VALIDATE_PRODUCT = YES;
			};
			name = Release;
		};
		A1CD6AFD1ED8F69300FB68D6 /* Debug */ = {
			isa = XCBuildConfiguration;
			buildSettings = {
				ASSETCATALOG_COMPILER_APPICON_NAME = AppIcon;
				DEVELOPMENT_TEAM = C4P8U7398K;
				INFOPLIST_FILE = AQRecorder/Info.plist;
				LD_RUNPATH_SEARCH_PATHS = "$(inherited) @executable_path/Frameworks";
				PRODUCT_BUNDLE_IDENTIFIER = com.7apps.AQRecorder;
				PRODUCT_NAME = "$(TARGET_NAME)";
				SWIFT_VERSION = 3.0;
			};
			name = Debug;
		};
		A1CD6AFE1ED8F69300FB68D6 /* Release */ = {
			isa = XCBuildConfiguration;
			buildSettings = {
				ASSETCATALOG_COMPILER_APPICON_NAME = AppIcon;
				DEVELOPMENT_TEAM = C4P8U7398K;
				INFOPLIST_FILE = AQRecorder/Info.plist;
				LD_RUNPATH_SEARCH_PATHS = "$(inherited) @executable_path/Frameworks";
				PRODUCT_BUNDLE_IDENTIFIER = com.7apps.AQRecorder;
				PRODUCT_NAME = "$(TARGET_NAME)";
				SWIFT_VERSION = 3.0;
			};
			name = Release;
		};
/* End XCBuildConfiguration section */

/* Begin XCConfigurationList section */
		A1CD6AE51ED8F69300FB68D6 /* Build configuration list for PBXProject "AQRecorder" */ = {
			isa = XCConfigurationList;
			buildConfigurations = (
				A1CD6AFA1ED8F69300FB68D6 /* Debug */,
				A1CD6AFB1ED8F69300FB68D6 /* Release */,
			);
			defaultConfigurationIsVisible = 0;
			defaultConfigurationName = Release;
		};
		A1CD6AFC1ED8F69300FB68D6 /* Build configuration list for PBXNativeTarget "AQRecorder" */ = {
			isa = XCConfigurationList;
			buildConfigurations = (
				A1CD6AFD1ED8F69300FB68D6 /* Debug */,
				A1CD6AFE1ED8F69300FB68D6 /* Release */,
			);
			defaultConfigurationIsVisible = 0;
		};
/* End XCConfigurationList section */
	};
	rootObject = A1CD6AE21ED8F69300FB68D6 /* Project object */;
}
